PODS:
  - PhoneNumberKit (3.2.0):
    - PhoneNumberKit/PhoneNumberKitCore (= 3.2.0)
    - PhoneNumberKit/UIKit (= 3.2.0)
  - PhoneNumberKit/PhoneNumberKitCore (3.2.0)
  - PhoneNumberKit/UIKit (3.2.0):
    - PhoneNumberKit/PhoneNumberKitCore

DEPENDENCIES:
  - PhoneNumberKit (from `../..`)

EXTERNAL SOURCES:
  PhoneNumberKit:
    :path: "../.."

SPEC CHECKSUMS:
  PhoneNumberKit: df411d46177d1492da84e10b6c093846dd861452

PODFILE CHECKSUM: 11a3da7879907840cc0b74b0bf4a287989027be7

COCOAPODS: 1.10.1
